
Microsoft Visual Studio Solution File, Format Version 12.00
# Visual Studio Version 17
VisualStudioVersion = 17.9.34622.214
MinimumVisualStudioVersion = 10.0.40219.1
Project("{FAE04EC0-301F-11D3-BF4B-00C04F79EFBC}") = "Trabalho_01", "Trabalho_01\Trabalho_01.csproj", "{186AEEB2-7439-44FF-BFEE-ECB5A75C33AA}"
EndProject
Global
	GlobalSection(SolutionConfigurationPlatforms) = preSolution
		Debug|Any CPU = Debug|Any CPU
		Release|Any CPU = Release|Any CPU
	EndGlobalSection
	GlobalSection(ProjectConfigurationPlatforms) = postSolution
		{186AEEB2-7439-44FF-BFEE-ECB5A75C33AA}.Debug|Any CPU.ActiveCfg = Debug|Any CPU
		{186AEEB2-7439-44FF-BFEE-ECB5A75C33AA}.Debug|Any CPU.Build.0 = Debug|Any CPU
		{186AEEB2-7439-44FF-BFEE-ECB5A75C33AA}.Release|Any CPU.ActiveCfg = Release|Any CPU
		{186AEEB2-7439-44FF-BFEE-ECB5A75C33AA}.Release|Any CPU.Build.0 = Release|Any CPU
	EndGlobalSection
	GlobalSection(SolutionProperties) = preSolution
		HideSolutionNode = FALSE
	EndGlobalSection
	GlobalSection(ExtensibilityGlobals) = postSolution
		SolutionGuid = {0C930F3F-BB00-4107-831D-267D01D4022D}
	EndGlobalSection
EndGlobal
